
Microsoft Visual Studio Solution File, Format Version 12.00
# Visual Studio Version 17
VisualStudioVersion = 17.5.33502.453
MinimumVisualStudioVersion = 10.0.40219.1
Project("{9A19103F-16F7-4668-BE54-9A1E7A4F7556}") = "NLayer.Core", "NLayer.Core\NLayer.Core.csproj", "{0666C040-EF99-463B-ABED-16B39671C15F}"
EndProject
Project("{9A19103F-16F7-4668-BE54-9A1E7A4F7556}") = "NLayer.Repository", "NLayer.Repository\NLayer.Repository.csproj", "{0D0E2DF7-0BE4-4CBD-932A-CDBF83D36F29}"
EndProject
Project("{9A19103F-16F7-4668-BE54-9A1E7A4F7556}") = "NLayer.Service", "NLayer.Service\NLayer.Service.csproj", "{FFEA25AA-27A6-479A-ADA4-6E88E702C25A}"
EndProject
Project("{9A19103F-16F7-4668-BE54-9A1E7A4F7556}") = "NLayer.API", "NLayer.API\NLayer.API.csproj", "{C4E281C6-FF0E-412A-80FC-7AC12E076DB4}"
EndProject
Project("{9A19103F-16F7-4668-BE54-9A1E7A4F7556}") = "NLayer.Web", "NLayer.Web\NLayer.Web.csproj", "{31930CE4-BE14-4110-B6E6-619397E42937}"
EndProject
Project("{9A19103F-16F7-4668-BE54-9A1E7A4F7556}") = "NLayer.Caching", "NLayer.Caching\NLayer.Caching.csproj", "{320C5481-28DF-4F66-A685-C3D10C1D6501}"
EndProject
Project("{2150E333-8FDC-42A3-9474-1A3956D46DE8}") = "Solution Items", "Solution Items", "{FA42C758-CE61-4A05-AAEE-B7CD2E791097}"
	ProjectSection(SolutionItems) = preProject
		Ports.txt = Ports.txt
	EndProjectSection
EndProject
Global
	GlobalSection(SolutionConfigurationPlatforms) = preSolution
		Debug|Any CPU = Debug|Any CPU
		Release|Any CPU = Release|Any CPU
	EndGlobalSection
	GlobalSection(ProjectConfigurationPlatforms) = postSolution
		{0666C040-EF99-463B-ABED-16B39671C15F}.Debug|Any CPU.ActiveCfg = Debug|Any CPU
		{0666C040-EF99-463B-ABED-16B39671C15F}.Debug|Any CPU.Build.0 = Debug|Any CPU
		{0666C040-EF99-463B-ABED-16B39671C15F}.Release|Any CPU.ActiveCfg = Release|Any CPU
		{0666C040-EF99-463B-ABED-16B39671C15F}.Release|Any CPU.Build.0 = Release|Any CPU
		{0D0E2DF7-0BE4-4CBD-932A-CDBF83D36F29}.Debug|Any CPU.ActiveCfg = Debug|Any CPU
		{0D0E2DF7-0BE4-4CBD-932A-CDBF83D36F29}.Debug|Any CPU.Build.0 = Debug|Any CPU
		{0D0E2DF7-0BE4-4CBD-932A-CDBF83D36F29}.Release|Any CPU.ActiveCfg = Release|Any CPU
		{0D0E2DF7-0BE4-4CBD-932A-CDBF83D36F29}.Release|Any CPU.Build.0 = Release|Any CPU
		{FFEA25AA-27A6-479A-ADA4-6E88E702C25A}.Debug|Any CPU.ActiveCfg = Debug|Any CPU
		{FFEA25AA-27A6-479A-ADA4-6E88E702C25A}.Debug|Any CPU.Build.0 = Debug|Any CPU
		{FFEA25AA-27A6-479A-ADA4-6E88E702C25A}.Release|Any CPU.ActiveCfg = Release|Any CPU
		{FFEA25AA-27A6-479A-ADA4-6E88E702C25A}.Release|Any CPU.Build.0 = Release|Any CPU
		{C4E281C6-FF0E-412A-80FC-7AC12E076DB4}.Debug|Any CPU.ActiveCfg = Debug|Any CPU
		{C4E281C6-FF0E-412A-80FC-7AC12E076DB4}.Debug|Any CPU.Build.0 = Debug|Any CPU
		{C4E281C6-FF0E-412A-80FC-7AC12E076DB4}.Release|Any CPU.ActiveCfg = Release|Any CPU
		{C4E281C6-FF0E-412A-80FC-7AC12E076DB4}.Release|Any CPU.Build.0 = Release|Any CPU
		{31930CE4-BE14-4110-B6E6-619397E42937}.Debug|Any CPU.ActiveCfg = Debug|Any CPU
		{31930CE4-BE14-4110-B6E6-619397E42937}.Debug|Any CPU.Build.0 = Debug|Any CPU
		{31930CE4-BE14-4110-B6E6-619397E42937}.Release|Any CPU.ActiveCfg = Release|Any CPU
		{31930CE4-BE14-4110-B6E6-619397E42937}.Release|Any CPU.Build.0 = Release|Any CPU
		{320C5481-28DF-4F66-A685-C3D10C1D6501}.Debug|Any CPU.ActiveCfg = Debug|Any CPU
		{320C5481-28DF-4F66-A685-C3D10C1D6501}.Debug|Any CPU.Build.0 = Debug|Any CPU
		{320C5481-28DF-4F66-A685-C3D10C1D6501}.Release|Any CPU.ActiveCfg = Release|Any CPU
		{320C5481-28DF-4F66-A685-C3D10C1D6501}.Release|Any CPU.Build.0 = Release|Any CPU
	EndGlobalSection
	GlobalSection(SolutionProperties) = preSolution
		HideSolutionNode = FALSE
	EndGlobalSection
	GlobalSection(ExtensibilityGlobals) = postSolution
		SolutionGuid = {3E0EEE23-6A70-4828-A1C6-C414F8B94F4A}
	EndGlobalSection
EndGlobal
